
Microsoft Visual Studio Solution File, Format Version 12.00
# Visual Studio Version 16
VisualStudioVersion = 16.0.33328.57
MinimumVisualStudioVersion = 10.0.40219.1
Project("{FAE04EC0-301F-11D3-BF4B-00C04F79EFBC}") = "vb6callgraph", "vb6callgraph.csproj", "{38DF2218-2F2B-41FF-9342-63DBE0BFA23D}"
EndProject
Global
	GlobalSection(SolutionConfigurationPlatforms) = preSolution
		Debug|Any CPU = Debug|Any CPU
		Release|Any CPU = Release|Any CPU
	EndGlobalSection
	GlobalSection(ProjectConfigurationPlatforms) = postSolution
		{38DF2218-2F2B-41FF-9342-63DBE0BFA23D}.Debug|Any CPU.ActiveCfg = Debug|Any CPU
		{38DF2218-2F2B-41FF-9342-63DBE0BFA23D}.Debug|Any CPU.Build.0 = Debug|Any CPU
		{38DF2218-2F2B-41FF-9342-63DBE0BFA23D}.Release|Any CPU.ActiveCfg = Release|Any CPU
		{38DF2218-2F2B-41FF-9342-63DBE0BFA23D}.Release|Any CPU.Build.0 = Release|Any CPU
	EndGlobalSection
	GlobalSection(SolutionProperties) = preSolution
		HideSolutionNode = FALSE
	EndGlobalSection
	GlobalSection(ExtensibilityGlobals) = postSolution
		SolutionGuid = {D8AA5163-A6E3-417C-91A6-F0879FA76414}
	EndGlobalSection
EndGlobal
